
Microsoft Visual Studio Solution File, Format Version 12.00
# Visual Studio Version 17
VisualStudioVersion = 17.14.36518.9
MinimumVisualStudioVersion = 10.0.40219.1
Project("{2150E333-8FDC-42A3-9474-1A3956D46DE8}") = "Task0", "Task0", "{02EA681E-C7D8-13C7-8484-4AC65E1B71E8}"
EndProject
Project("{FAE04EC0-301F-11D3-BF4B-00C04F79EFBC}") = "Tyuiu.KochetovAP.Sprint4.Task0.V27", "Tyuiu.KochetovAP.Sprint4.Task0.V27\Tyuiu.KochetovAP.Sprint4.Task0.V27.csproj", "{4E0E39AB-7490-409F-99B8-CD2504DCBA82}"
EndProject
Project("{FAE04EC0-301F-11D3-BF4B-00C04F79EFBC}") = "Tyuiu.KochetovAP.Sprint4.Task0.V27.Lib", "Tyuiu.KochetovAP.Sprint4.Task0.V27.Lib\Tyuiu.KochetovAP.Sprint4.Task0.V27.Lib.csproj", "{D6136657-EC33-47E9-B760-B45E8BC0C1DD}"
EndProject
Project("{FAE04EC0-301F-11D3-BF4B-00C04F79EFBC}") = "Tyuiu.KochetovAP.Sprint4.Task0.V27.Test", "Tyuiu.KochetovAP.Sprint4.Task0.V27.Test\Tyuiu.KochetovAP.Sprint4.Task0.V27.Test.csproj", "{A2301A2E-C924-48CB-929B-328170E401F2}"
EndProject
Project("{2150E333-8FDC-42A3-9474-1A3956D46DE8}") = "Task1", "Task1", "{1A5465B0-2CA6-4D57-B49B-15202EFC3C00}"
EndProject
Project("{FAE04EC0-301F-11D3-BF4B-00C04F79EFBC}") = "Tyuiu.KochetovAP.Sprint4.Task1.V24", "Tyuiu.KochetovAP.Sprint4.Task1.V24\Tyuiu.KochetovAP.Sprint4.Task1.V24.csproj", "{48F7A599-87AB-4910-9E17-01DA7108DC6F}"
EndProject
Project("{FAE04EC0-301F-11D3-BF4B-00C04F79EFBC}") = "Tyuiu.KochetovAP.Sprint4.Task1.V24.Lib", "Tyuiu.KochetovAP.Sprint4.Task1.V24.Lib\Tyuiu.KochetovAP.Sprint4.Task1.V24.Lib.csproj", "{88FE3DE4-5275-4B0B-A040-B6D722C9673E}"
EndProject
Project("{FAE04EC0-301F-11D3-BF4B-00C04F79EFBC}") = "Tyuiu.KochetovAP.Sprint4.Task1.V24.Test", "Tyuiu.KochetovAP.Sprint4.Task1.V24.Test\Tyuiu.KochetovAP.Sprint4.Task1.V24.Test.csproj", "{D5208E21-E961-4CEF-ACB8-11BBBD824FDC}"
EndProject
Project("{2150E333-8FDC-42A3-9474-1A3956D46DE8}") = "Task2", "Task2", "{0FF52133-BBED-4EC8-B310-B95E9EEFB836}"
EndProject
Project("{FAE04EC0-301F-11D3-BF4B-00C04F79EFBC}") = "Tyuiu.KochetovAP.Sprint4.Task2.V25", "Tyuiu.KochetovAP.Sprint4.Task2.V25\Tyuiu.KochetovAP.Sprint4.Task2.V25.csproj", "{CD105CA2-375E-41D2-A266-0FD011F2D6AD}"
EndProject
Project("{FAE04EC0-301F-11D3-BF4B-00C04F79EFBC}") = "Tyuiu.KochetovAP.Sprint4.Task2.V25.Lib", "Tyuiu.KochetovAP.Sprint4.Task2.V25.Lib\Tyuiu.KochetovAP.Sprint4.Task2.V25.Lib.csproj", "{17A215D3-4F81-40EC-A228-8D67836FA7DB}"
EndProject
Project("{FAE04EC0-301F-11D3-BF4B-00C04F79EFBC}") = "Tyuiu.KochetovAP.Sprint4.Task2.V25.Test", "Tyuiu.KochetovAP.Sprint4.Task2.V25.Test\Tyuiu.KochetovAP.Sprint4.Task2.V25.Test.csproj", "{4643557F-5EDF-4946-8F17-AC0E06058FD2}"
EndProject
Global
	GlobalSection(SolutionConfigurationPlatforms) = preSolution
		Debug|Any CPU = Debug|Any CPU
		Release|Any CPU = Release|Any CPU
	EndGlobalSection
	GlobalSection(ProjectConfigurationPlatforms) = postSolution
		{4E0E39AB-7490-409F-99B8-CD2504DCBA82}.Debug|Any CPU.ActiveCfg = Debug|Any CPU
		{4E0E39AB-7490-409F-99B8-CD2504DCBA82}.Debug|Any CPU.Build.0 = Debug|Any CPU
		{4E0E39AB-7490-409F-99B8-CD2504DCBA82}.Release|Any CPU.ActiveCfg = Release|Any CPU
		{4E0E39AB-7490-409F-99B8-CD2504DCBA82}.Release|Any CPU.Build.0 = Release|Any CPU
		{D6136657-EC33-47E9-B760-B45E8BC0C1DD}.Debug|Any CPU.ActiveCfg = Debug|Any CPU
		{D6136657-EC33-47E9-B760-B45E8BC0C1DD}.Debug|Any CPU.Build.0 = Debug|Any CPU
		{D6136657-EC33-47E9-B760-B45E8BC0C1DD}.Release|Any CPU.ActiveCfg = Release|Any CPU
		{D6136657-EC33-47E9-B760-B45E8BC0C1DD}.Release|Any CPU.Build.0 = Release|Any CPU
		{A2301A2E-C924-48CB-929B-328170E401F2}.Debug|Any CPU.ActiveCfg = Debug|Any CPU
		{A2301A2E-C924-48CB-929B-328170E401F2}.Debug|Any CPU.Build.0 = Debug|Any CPU
		{A2301A2E-C924-48CB-929B-328170E401F2}.Release|Any CPU.ActiveCfg = Release|Any CPU
		{A2301A2E-C924-48CB-929B-328170E401F2}.Release|Any CPU.Build.0 = Release|Any CPU
		{48F7A599-87AB-4910-9E17-01DA7108DC6F}.Debug|Any CPU.ActiveCfg = Debug|Any CPU
		{48F7A599-87AB-4910-9E17-01DA7108DC6F}.Debug|Any CPU.Build.0 = Debug|Any CPU
		{48F7A599-87AB-4910-9E17-01DA7108DC6F}.Release|Any CPU.ActiveCfg = Release|Any CPU
		{48F7A599-87AB-4910-9E17-01DA7108DC6F}.Release|Any CPU.Build.0 = Release|Any CPU
		{88FE3DE4-5275-4B0B-A040-B6D722C9673E}.Debug|Any CPU.ActiveCfg = Debug|Any CPU
		{88FE3DE4-5275-4B0B-A040-B6D722C9673E}.Debug|Any CPU.Build.0 = Debug|Any CPU
		{88FE3DE4-5275-4B0B-A040-B6D722C9673E}.Release|Any CPU.ActiveCfg = Release|Any CPU
		{88FE3DE4-5275-4B0B-A040-B6D722C9673E}.Release|Any CPU.Build.0 = Release|Any CPU
		{D5208E21-E961-4CEF-ACB8-11BBBD824FDC}.Debug|Any CPU.ActiveCfg = Debug|Any CPU
		{D5208E21-E961-4CEF-ACB8-11BBBD824FDC}.Debug|Any CPU.Build.0 = Debug|Any CPU
		{D5208E21-E961-4CEF-ACB8-11BBBD824FDC}.Release|Any CPU.ActiveCfg = Release|Any CPU
		{D5208E21-E961-4CEF-ACB8-11BBBD824FDC}.Release|Any CPU.Build.0 = Release|Any CPU
		{CD105CA2-375E-41D2-A266-0FD011F2D6AD}.Debug|Any CPU.ActiveCfg = Debug|Any CPU
		{CD105CA2-375E-41D2-A266-0FD011F2D6AD}.Debug|Any CPU.Build.0 = Debug|Any CPU
		{CD105CA2-375E-41D2-A266-0FD011F2D6AD}.Release|Any CPU.ActiveCfg = Release|Any CPU
		{CD105CA2-375E-41D2-A266-0FD011F2D6AD}.Release|Any CPU.Build.0 = Release|Any CPU
		{17A215D3-4F81-40EC-A228-8D67836FA7DB}.Debug|Any CPU.ActiveCfg = Debug|Any CPU
		{17A215D3-4F81-40EC-A228-8D67836FA7DB}.Debug|Any CPU.Build.0 = Debug|Any CPU
		{17A215D3-4F81-40EC-A228-8D67836FA7DB}.Release|Any CPU.ActiveCfg = Release|Any CPU
		{17A215D3-4F81-40EC-A228-8D67836FA7DB}.Release|Any CPU.Build.0 = Release|Any CPU
		{4643557F-5EDF-4946-8F17-AC0E06058FD2}.Debug|Any CPU.ActiveCfg = Debug|Any CPU
		{4643557F-5EDF-4946-8F17-AC0E06058FD2}.Debug|Any CPU.Build.0 = Debug|Any CPU
		{4643557F-5EDF-4946-8F17-AC0E06058FD2}.Release|Any CPU.ActiveCfg = Release|Any CPU
		{4643557F-5EDF-4946-8F17-AC0E06058FD2}.Release|Any CPU.Build.0 = Release|Any CPU
	EndGlobalSection
	GlobalSection(SolutionProperties) = preSolution
		HideSolutionNode = FALSE
	EndGlobalSection
	GlobalSection(NestedProjects) = preSolution
		{4E0E39AB-7490-409F-99B8-CD2504DCBA82} = {02EA681E-C7D8-13C7-8484-4AC65E1B71E8}
		{D6136657-EC33-47E9-B760-B45E8BC0C1DD} = {02EA681E-C7D8-13C7-8484-4AC65E1B71E8}
		{A2301A2E-C924-48CB-929B-328170E401F2} = {02EA681E-C7D8-13C7-8484-4AC65E1B71E8}
		{48F7A599-87AB-4910-9E17-01DA7108DC6F} = {1A5465B0-2CA6-4D57-B49B-15202EFC3C00}
		{88FE3DE4-5275-4B0B-A040-B6D722C9673E} = {1A5465B0-2CA6-4D57-B49B-15202EFC3C00}
		{D5208E21-E961-4CEF-ACB8-11BBBD824FDC} = {1A5465B0-2CA6-4D57-B49B-15202EFC3C00}
		{CD105CA2-375E-41D2-A266-0FD011F2D6AD} = {0FF52133-BBED-4EC8-B310-B95E9EEFB836}
		{17A215D3-4F81-40EC-A228-8D67836FA7DB} = {0FF52133-BBED-4EC8-B310-B95E9EEFB836}
		{4643557F-5EDF-4946-8F17-AC0E06058FD2} = {0FF52133-BBED-4EC8-B310-B95E9EEFB836}
	EndGlobalSection
	GlobalSection(ExtensibilityGlobals) = postSolution
		SolutionGuid = {BF1AB484-D0B4-4E46-8353-EAAA2EC377FE}
	EndGlobalSection
EndGlobal
